{
  "version": 4,
  "terraform_version": "1.12.2",
  "serial": 60,
  "lineage": "120e8289-e3f5-e77e-ec65-26ac3ceec8ee",
  "outputs": {
    "bucket_names": {
      "value": [
        "test-bucket-rajat"
      ],
      "type": [
        "tuple",
        [
          "string"
        ]
      ]
    },
    "cloud_run_job_names": {
      "value": [
        "export-to-table",
        "extract-data",
        "transform-data"
      ],
      "type": [
        "tuple",
        [
          "string",
          "string",
          "string"
        ]
      ]
    },
    "cloud_sql_instance_names": {
      "value": [
        "assessment-v2-1"
      ],
      "type": [
        "tuple",
        [
          "string"
        ]
      ]
    }
  },
  "resources": [
    {
      "mode": "managed",
      "type": "google_cloud_run_v2_job",
      "name": "jobs",
      "provider": "provider[\"registry.terraform.io/hashicorp/google\"]",
      "instances": [
        {
          "index_key": "export",
          "schema_version": 0,
          "attributes": {
            "annotations": {},
            "binary_authorization": [],
            "client": "",
            "client_version": "",
            "conditions": [],
            "create_time": "2025-08-13T09:15:10.542075Z",
            "creator": "rbhola@xccelerated.io",
            "delete_time": "",
            "deletion_protection": false,
            "effective_annotations": {},
            "effective_labels": {
              "goog-terraform-provisioned": "true"
            },
            "etag": "\"CISH8sQGEIjvw7IB/cHJvamVjdHMvcmFqYXQtYXNzZXNzbWVudC1wcm9qZWN0L2xvY2F0aW9ucy9ldXJvcGUtd2VzdDQvam9icy9leHBvcnQtdG8tdGFibGU\"",
            "execution_count": 6,
            "expire_time": "",
            "generation": "2",
            "id": "projects/rajat-assessment-project/locations/europe-west4/jobs/export-to-table",
            "labels": {},
            "last_modifier": "rbhola@xccelerated.io",
            "latest_created_execution": [
              {
                "completion_time": "2025-08-13T12:51:35.578967Z",
                "create_time": "2025-08-13T12:50:51.010315Z",
                "name": "export-to-table-96z49"
              }
            ],
            "launch_stage": "GA",
            "location": "europe-west4",
            "name": "export-to-table",
            "observed_generation": "2",
            "project": "rajat-assessment-project",
            "reconciling": false,
            "template": [
              {
                "annotations": {},
                "labels": {},
                "parallelism": 0,
                "task_count": 1,
                "template": [
                  {
                    "containers": [
                      {
                        "args": [
                          "python",
                          "src/sink/sqlexport.py"
                        ],
                        "command": [],
                        "env": [],
                        "image": "europe-west4-docker.pkg.dev/rajat-assessment-project/assessment-v2/webshop-analytics:latest",
                        "name": "",
                        "ports": [],
                        "resources": [
                          {
                            "limits": {
                              "cpu": "1000m",
                              "memory": "512Mi"
                            }
                          }
                        ],
                        "volume_mounts": [
                          {
                            "mount_path": "/cloudsql",
                            "name": "cloudsql"
                          }
                        ],
                        "working_dir": ""
                      }
                    ],
                    "encryption_key": "",
                    "execution_environment": "EXECUTION_ENVIRONMENT_GEN2",
                    "max_retries": 3,
                    "service_account": "test-sa-cloudrun@rajat-assessment-project.iam.gserviceaccount.com",
                    "timeout": "600s",
                    "volumes": [
                      {
                        "cloud_sql_instance": [
                          {
                            "instances": [
                              "rajat-assessment-project:europe-west4:assessment-v2-1"
                            ]
                          }
                        ],
                        "gcs": [],
                        "name": "cloudsql",
                        "nfs": [],
                        "secret": []
                      }
                    ],
                    "vpc_access": []
                  }
                ]
              }
            ],
            "terminal_condition": [
              {
                "execution_reason": "",
                "last_transition_time": "2025-08-13T09:15:10.828555Z",
                "message": "",
                "reason": "",
                "revision_reason": "",
                "severity": "",
                "state": "CONDITION_SUCCEEDED",
                "type": "Ready"
              }
            ],
            "terraform_labels": {
              "goog-terraform-provisioned": "true"
            },
            "timeouts": null,
            "uid": "d07f1a63-0ba9-4f00-96bd-ef0dd7447c55",
            "update_time": "2025-08-13T12:22:28.374405Z"
          },
          "sensitive_attributes": [],
          "identity_schema_version": 0,
          "private": "eyJlMmJmYjczMC1lY2FhLTExZTYtOGY4OC0zNDM2M2JjN2M0YzAiOnsiY3JlYXRlIjoxMjAwMDAwMDAwMDAwLCJkZWxldGUiOjEyMDAwMDAwMDAwMDAsInVwZGF0ZSI6MTIwMDAwMDAwMDAwMH19",
          "dependencies": [
            "google_project_service.cloud_run",
            "google_project_service.enabled_services",
            "google_service_account.cloudrun_sa",
            "google_sql_database_instance.instances"
          ]
        },
        {
          "index_key": "extract",
          "schema_version": 0,
          "attributes": {
            "annotations": {},
            "binary_authorization": [],
            "client": "",
            "client_version": "",
            "conditions": [],
            "create_time": "2025-08-13T09:15:10.540880Z",
            "creator": "rbhola@xccelerated.io",
            "delete_time": "",
            "deletion_protection": false,
            "effective_annotations": {},
            "effective_labels": {
              "goog-terraform-provisioned": "true"
            },
            "etag": "\"CISH8sQGENjByu4B/cHJvamVjdHMvcmFqYXQtYXNzZXNzbWVudC1wcm9qZWN0L2xvY2F0aW9ucy9ldXJvcGUtd2VzdDQvam9icy9leHRyYWN0LWRhdGE\"",
            "execution_count": 2,
            "expire_time": "",
            "generation": "2",
            "id": "projects/rajat-assessment-project/locations/europe-west4/jobs/extract-data",
            "labels": {},
            "last_modifier": "rbhola@xccelerated.io",
            "latest_created_execution": [
              {
                "completion_time": "2025-08-13T09:29:49.149610Z",
                "create_time": "2025-08-13T09:29:29.862687Z",
                "name": "extract-data-hn8dz"
              }
            ],
            "launch_stage": "GA",
            "location": "europe-west4",
            "name": "extract-data",
            "observed_generation": "2",
            "project": "rajat-assessment-project",
            "reconciling": false,
            "template": [
              {
                "annotations": {},
                "labels": {},
                "parallelism": 0,
                "task_count": 1,
                "template": [
                  {
                    "containers": [
                      {
                        "args": [
                          "python",
                          "src/source/read.py"
                        ],
                        "command": [],
                        "env": [],
                        "image": "europe-west4-docker.pkg.dev/rajat-assessment-project/assessment-v2/webshop-analytics:latest",
                        "name": "",
                        "ports": [],
                        "resources": [
                          {
                            "limits": {
                              "cpu": "1000m",
                              "memory": "512Mi"
                            }
                          }
                        ],
                        "volume_mounts": [
                          {
                            "mount_path": "/cloudsql",
                            "name": "cloudsql"
                          }
                        ],
                        "working_dir": ""
                      }
                    ],
                    "encryption_key": "",
                    "execution_environment": "EXECUTION_ENVIRONMENT_GEN2",
                    "max_retries": 3,
                    "service_account": "test-sa-cloudrun@rajat-assessment-project.iam.gserviceaccount.com",
                    "timeout": "600s",
                    "volumes": [
                      {
                        "cloud_sql_instance": [
                          {
                            "instances": [
                              "rajat-assessment-project:europe-west4:assessment-v2-1"
                            ]
                          }
                        ],
                        "gcs": [],
                        "name": "cloudsql",
                        "nfs": [],
                        "secret": []
                      }
                    ],
                    "vpc_access": []
                  }
                ]
              }
            ],
            "terminal_condition": [
              {
                "execution_reason": "",
                "last_transition_time": "2025-08-13T09:15:10.765711Z",
                "message": "",
                "reason": "",
                "revision_reason": "",
                "severity": "",
                "state": "CONDITION_SUCCEEDED",
                "type": "Ready"
              }
            ],
            "terraform_labels": {
              "goog-terraform-provisioned": "true"
            },
            "timeouts": null,
            "uid": "063e59b3-bafc-4306-a579-b38e825c45c1",
            "update_time": "2025-08-13T12:22:28.500343Z"
          },
          "sensitive_attributes": [],
          "identity_schema_version": 0,
          "private": "eyJlMmJmYjczMC1lY2FhLTExZTYtOGY4OC0zNDM2M2JjN2M0YzAiOnsiY3JlYXRlIjoxMjAwMDAwMDAwMDAwLCJkZWxldGUiOjEyMDAwMDAwMDAwMDAsInVwZGF0ZSI6MTIwMDAwMDAwMDAwMH19",
          "dependencies": [
            "google_project_service.cloud_run",
            "google_project_service.enabled_services",
            "google_service_account.cloudrun_sa",
            "google_sql_database_instance.instances"
          ]
        },
        {
          "index_key": "transform",
          "schema_version": 0,
          "attributes": {
            "annotations": {},
            "binary_authorization": [],
            "client": "",
            "client_version": "",
            "conditions": [],
            "create_time": "2025-08-13T09:15:10.540591Z",
            "creator": "rbhola@xccelerated.io",
            "delete_time": "",
            "deletion_protection": false,
            "effective_annotations": {},
            "effective_labels": {
              "goog-terraform-provisioned": "true"
            },
            "etag": "\"CISH8sQGEMCfhrYB/cHJvamVjdHMvcmFqYXQtYXNzZXNzbWVudC1wcm9qZWN0L2xvY2F0aW9ucy9ldXJvcGUtd2VzdDQvam9icy90cmFuc2Zvcm0tZGF0YQ\"",
            "execution_count": 4,
            "expire_time": "",
            "generation": "4",
            "id": "projects/rajat-assessment-project/locations/europe-west4/jobs/transform-data",
            "labels": {},
            "last_modifier": "rbhola@xccelerated.io",
            "latest_created_execution": [
              {
                "completion_time": "2025-08-13T11:21:40.398818Z",
                "create_time": "2025-08-13T11:18:45.601295Z",
                "name": "transform-data-45krs"
              }
            ],
            "launch_stage": "GA",
            "location": "europe-west4",
            "name": "transform-data",
            "observed_generation": "4",
            "project": "rajat-assessment-project",
            "reconciling": false,
            "template": [
              {
                "annotations": {},
                "labels": {},
                "parallelism": 0,
                "task_count": 1,
                "template": [
                  {
                    "containers": [
                      {
                        "args": [
                          "python",
                          "src/transform/main.py"
                        ],
                        "command": [],
                        "env": [],
                        "image": "europe-west4-docker.pkg.dev/rajat-assessment-project/assessment-v2/webshop-analytics:latest",
                        "name": "",
                        "ports": [],
                        "resources": [
                          {
                            "limits": {
                              "cpu": "2000m",
                              "memory": "1Gi"
                            }
                          }
                        ],
                        "volume_mounts": [
                          {
                            "mount_path": "/cloudsql",
                            "name": "cloudsql"
                          }
                        ],
                        "working_dir": ""
                      }
                    ],
                    "encryption_key": "",
                    "execution_environment": "EXECUTION_ENVIRONMENT_GEN2",
                    "max_retries": 3,
                    "service_account": "test-sa-cloudrun@rajat-assessment-project.iam.gserviceaccount.com",
                    "timeout": "600s",
                    "volumes": [
                      {
                        "cloud_sql_instance": [
                          {
                            "instances": [
                              "rajat-assessment-project:europe-west4:assessment-v2-1"
                            ]
                          }
                        ],
                        "gcs": [],
                        "name": "cloudsql",
                        "nfs": [],
                        "secret": []
                      }
                    ],
                    "vpc_access": []
                  }
                ]
              }
            ],
            "terminal_condition": [
              {
                "execution_reason": "",
                "last_transition_time": "2025-08-13T09:15:10.828955Z",
                "message": "",
                "reason": "",
                "revision_reason": "",
                "severity": "",
                "state": "CONDITION_SUCCEEDED",
                "type": "Ready"
              }
            ],
            "terraform_labels": {
              "goog-terraform-provisioned": "true"
            },
            "timeouts": null,
            "uid": "74ec367c-3416-4095-aebe-c5a555ef1331",
            "update_time": "2025-08-13T12:22:28.381784Z"
          },
          "sensitive_attributes": [],
          "identity_schema_version": 0,
          "private": "eyJlMmJmYjczMC1lY2FhLTExZTYtOGY4OC0zNDM2M2JjN2M0YzAiOnsiY3JlYXRlIjoxMjAwMDAwMDAwMDAwLCJkZWxldGUiOjEyMDAwMDAwMDAwMDAsInVwZGF0ZSI6MTIwMDAwMDAwMDAwMH19",
          "dependencies": [
            "google_project_service.cloud_run",
            "google_project_service.enabled_services",
            "google_service_account.cloudrun_sa",
            "google_sql_database_instance.instances"
          ]
        }
      ]
    },
    {
      "mode": "managed",
      "type": "google_project_iam_member",
      "name": "service_account_roles",
      "provider": "provider[\"registry.terraform.io/hashicorp/google\"]",
      "instances": [
        {
          "index_key": "roles/cloudsql.client",
          "schema_version": 0,
          "attributes": {
            "condition": [],
            "etag": "BwY8PVu+F2s=",
            "id": "rajat-assessment-project/roles/cloudsql.client/serviceAccount:test-sa-cloudrun@rajat-assessment-project.iam.gserviceaccount.com",
            "member": "serviceAccount:test-sa-cloudrun@rajat-assessment-project.iam.gserviceaccount.com",
            "project": "rajat-assessment-project",
            "role": "roles/cloudsql.client"
          },
          "sensitive_attributes": [],
          "identity_schema_version": 0,
          "private": "bnVsbA==",
          "dependencies": [
            "google_service_account.cloudrun_sa"
          ]
        },
        {
          "index_key": "roles/run.invoker",
          "schema_version": 0,
          "attributes": {
            "condition": [],
            "etag": "BwY8PVu+F2s=",
            "id": "rajat-assessment-project/roles/run.invoker/serviceAccount:test-sa-cloudrun@rajat-assessment-project.iam.gserviceaccount.com",
            "member": "serviceAccount:test-sa-cloudrun@rajat-assessment-project.iam.gserviceaccount.com",
            "project": "rajat-assessment-project",
            "role": "roles/run.invoker"
          },
          "sensitive_attributes": [],
          "identity_schema_version": 0,
          "private": "bnVsbA==",
          "dependencies": [
            "google_service_account.cloudrun_sa"
          ]
        },
        {
          "index_key": "roles/storage.admin",
          "schema_version": 0,
          "attributes": {
            "condition": [],
            "etag": "BwY8PVu+F2s=",
            "id": "rajat-assessment-project/roles/storage.admin/serviceAccount:test-sa-cloudrun@rajat-assessment-project.iam.gserviceaccount.com",
            "member": "serviceAccount:test-sa-cloudrun@rajat-assessment-project.iam.gserviceaccount.com",
            "project": "rajat-assessment-project",
            "role": "roles/storage.admin"
          },
          "sensitive_attributes": [],
          "identity_schema_version": 0,
          "private": "bnVsbA==",
          "dependencies": [
            "google_service_account.cloudrun_sa"
          ]
        }
      ]
    },
    {
      "mode": "managed",
      "type": "google_project_service",
      "name": "cloud_run",
      "provider": "provider[\"registry.terraform.io/hashicorp/google\"]",
      "instances": [
        {
          "schema_version": 0,
          "attributes": {
            "disable_dependent_services": null,
            "disable_on_destroy": true,
            "id": "rajat-assessment-project/run.googleapis.com",
            "project": "rajat-assessment-project",
            "service": "run.googleapis.com",
            "timeouts": null
          },
          "sensitive_attributes": [],
          "identity_schema_version": 0,
          "private": "eyJlMmJmYjczMC1lY2FhLTExZTYtOGY4OC0zNDM2M2JjN2M0YzAiOnsiY3JlYXRlIjoxMjAwMDAwMDAwMDAwLCJkZWxldGUiOjEyMDAwMDAwMDAwMDAsInJlYWQiOjYwMDAwMDAwMDAwMCwidXBkYXRlIjoxMjAwMDAwMDAwMDAwfX0="
        }
      ]
    },
    {
      "mode": "managed",
      "type": "google_project_service",
      "name": "enabled_services",
      "provider": "provider[\"registry.terraform.io/hashicorp/google\"]",
      "instances": [
        {
          "index_key": "sqladmin.googleapis.com",
          "schema_version": 0,
          "attributes": {
            "disable_dependent_services": null,
            "disable_on_destroy": false,
            "id": "rajat-assessment-project/sqladmin.googleapis.com",
            "project": "rajat-assessment-project",
            "service": "sqladmin.googleapis.com",
            "timeouts": null
          },
          "sensitive_attributes": [],
          "identity_schema_version": 0,
          "private": "eyJlMmJmYjczMC1lY2FhLTExZTYtOGY4OC0zNDM2M2JjN2M0YzAiOnsiY3JlYXRlIjoxMjAwMDAwMDAwMDAwLCJkZWxldGUiOjEyMDAwMDAwMDAwMDAsInJlYWQiOjYwMDAwMDAwMDAwMCwidXBkYXRlIjoxMjAwMDAwMDAwMDAwfX0="
        }
      ]
    },
    {
      "mode": "managed",
      "type": "google_service_account",
      "name": "cloudrun_sa",
      "provider": "provider[\"registry.terraform.io/hashicorp/google\"]",
      "instances": [
        {
          "schema_version": 0,
          "attributes": {
            "account_id": "test-sa-cloudrun",
            "create_ignore_already_exists": null,
            "description": "",
            "disabled": false,
            "display_name": "Framework Service Account",
            "email": "test-sa-cloudrun@rajat-assessment-project.iam.gserviceaccount.com",
            "id": "projects/rajat-assessment-project/serviceAccounts/test-sa-cloudrun@rajat-assessment-project.iam.gserviceaccount.com",
            "member": "serviceAccount:test-sa-cloudrun@rajat-assessment-project.iam.gserviceaccount.com",
            "name": "projects/rajat-assessment-project/serviceAccounts/test-sa-cloudrun@rajat-assessment-project.iam.gserviceaccount.com",
            "project": "rajat-assessment-project",
            "timeouts": null,
            "unique_id": "117699374903452164460"
          },
          "sensitive_attributes": [],
          "identity_schema_version": 0,
          "private": "eyJlMmJmYjczMC1lY2FhLTExZTYtOGY4OC0zNDM2M2JjN2M0YzAiOnsiY3JlYXRlIjozMDAwMDAwMDAwMDB9fQ=="
        }
      ]
    },
    {
      "mode": "managed",
      "type": "google_sql_database",
      "name": "databases",
      "provider": "provider[\"registry.terraform.io/hashicorp/google\"]",
      "instances": [
        {
          "index_key": "webshop_analytics",
          "schema_version": 0,
          "attributes": {
            "charset": "UTF8",
            "collation": "en_US.UTF8",
            "deletion_policy": "DELETE",
            "id": "projects/rajat-assessment-project/instances/assessment-v2-1/databases/webshop_analytics",
            "instance": "assessment-v2-1",
            "name": "webshop_analytics",
            "project": "rajat-assessment-project",
            "self_link": "https://sqladmin.googleapis.com/sql/v1beta4/projects/rajat-assessment-project/instances/assessment-v2-1/databases/webshop_analytics",
            "timeouts": null
          },
          "sensitive_attributes": [],
          "identity_schema_version": 0,
          "private": "eyJlMmJmYjczMC1lY2FhLTExZTYtOGY4OC0zNDM2M2JjN2M0YzAiOnsiY3JlYXRlIjoxMjAwMDAwMDAwMDAwLCJkZWxldGUiOjEyMDAwMDAwMDAwMDAsInVwZGF0ZSI6MTIwMDAwMDAwMDAwMH19"
        }
      ]
    },
    {
      "mode": "managed",
      "type": "google_sql_database_instance",
      "name": "instances",
      "provider": "provider[\"registry.terraform.io/hashicorp/google\"]",
      "instances": [
        {
          "index_key": "analytics_db",
          "schema_version": 0,
          "attributes": {
            "available_maintenance_versions": [],
            "clone": [],
            "connection_name": "rajat-assessment-project:europe-west4:assessment-v2-1",
            "database_version": "POSTGRES_15",
            "deletion_protection": true,
            "dns_name": "",
            "encryption_key_name": null,
            "first_ip_address": "34.141.222.175",
            "id": "assessment-v2-1",
            "instance_type": "CLOUD_SQL_INSTANCE",
            "ip_address": [
              {
                "ip_address": "34.141.222.175",
                "time_to_retire": "",
                "type": "PRIMARY"
              },
              {
                "ip_address": "34.12.105.245",
                "time_to_retire": "",
                "type": "OUTGOING"
              }
            ],
            "maintenance_version": "POSTGRES_15_13.R20250302.00_31",
            "master_instance_name": "",
            "name": "assessment-v2-1",
            "private_ip_address": "",
            "project": "rajat-assessment-project",
            "psc_service_attachment_link": "",
            "public_ip_address": "34.141.222.175",
            "region": "europe-west4",
            "replica_configuration": [],
            "restore_backup_context": [],
            "root_password": null,
            "self_link": "https://sqladmin.googleapis.com/sql/v1beta4/projects/rajat-assessment-project/instances/assessment-v2-1",
            "server_ca_cert": [
              {
                "cert": "-----BEGIN CERTIFICATE-----\nMIIDfzCCAmegAwIBAgIBADANBgkqhkiG9w0BAQsFADB3MS0wKwYDVQQuEyQ4MTAz\nYmE1ZC0xZjI5LTQ1ZDMtOTFjNS1iMGZiYTlkMzMwZTMxIzAhBgNVBAMTGkdvb2ds\nZSBDbG91ZCBTUUwgU2VydmVyIENBMRQwEgYDVQQKEwtHb29nbGUsIEluYzELMAkG\nA1UEBhMCVVMwHhcNMjUwODEzMDkyOTA2WhcNMzUwODExMDkzMDA2WjB3MS0wKwYD\nVQQuEyQ4MTAzYmE1ZC0xZjI5LTQ1ZDMtOTFjNS1iMGZiYTlkMzMwZTMxIzAhBgNV\nBAMTGkdvb2dsZSBDbG91ZCBTUUwgU2VydmVyIENBMRQwEgYDVQQKEwtHb29nbGUs\nIEluYzELMAkGA1UEBhMCVVMwggEiMA0GCSqGSIb3DQEBAQUAA4IBDwAwggEKAoIB\nAQDNigxcoSR9Do8vGcqZllskBXNNdMVLynsbo53wAJp3MLnThVfgCgi0mKt6lvg4\n0Gyg63jE/JygbZtHlMSRvuy/9mHCjMhIQfm9GNDMB/Zp8phzNprkHjxbcPnIDibk\nV2aBMqJeu+HDdSldqxd4mg9LgDTuWh+eh/Y8Suy4JO8Ux6+/TtYZae4/mO/+RPqO\nBhms5U4/XHVfhgZ8KaxAtR6r6x9yVi8ATzdLKHmjCXDM1GiO61UzA4Jg7EIJhzl0\nEjyXqG7OWzJUMq76za54E1DXiT6jmpD1CdTzufVulGLRGZpC2YawSB1M0EZO8jgl\n9shNWOA76pQHNTpZfgk7aljZAgMBAAGjFjAUMBIGA1UdEwEB/wQIMAYBAf8CAQAw\nDQYJKoZIhvcNAQELBQADggEBAJSNiHHZjrVMsvo0TuWAQB6/oWVK95aXgZ1dl1VU\nhzIVxcCXH6nPegQ2fyQKwE/dI2l2n11RWEUe98vXS1HsW7YoH6aCBi97Cvqu00Gc\nt9SvftlYmNDhieozwzeVg4ZJfSNo5ZObYheek55eckUVNN7OBmqEQ9OrOLoYIpDT\nouDkSeEi+b1Xfn3F4v9As2yQ8OB0wghP4cvlp4HIHGS3vbVLU0cWOaP0rtQrFOo8\n+qq3oIfMqeCXd56yRenQbgJEPLaCU4d+FMYnKzPu/7Ex1FB8n4ED91tfISYsExil\n4L/FhWLuRJ5TOrX5Zi/2t/9B+TXm97uJGJv5Y9c0DdXReMY=\n-----END CERTIFICATE-----",
                "common_name": "C=US,O=Google\\, Inc,CN=Google Cloud SQL Server CA,dnQualifier=8103ba5d-1f29-45d3-91c5-b0fba9d330e3",
                "create_time": "2025-08-13T09:29:06.991Z",
                "expiration_time": "2035-08-11T09:30:06.991Z",
                "sha1_fingerprint": "431aa938df443c04bd771ac428bc6a4cd0666d45"
              }
            ],
            "service_account_email_address": "p791348911312-u9915r@gcp-sa-cloud-sql.iam.gserviceaccount.com",
            "settings": [
              {
                "activation_policy": "ALWAYS",
                "active_directory_config": [],
                "advanced_machine_features": [],
                "availability_type": "ZONAL",
                "backup_configuration": [
                  {
                    "backup_retention_settings": [
                      {
                        "retained_backups": 7,
                        "retention_unit": "COUNT"
                      }
                    ],
                    "binary_log_enabled": false,
                    "enabled": false,
                    "location": "",
                    "point_in_time_recovery_enabled": false,
                    "start_time": "09:00",
                    "transaction_log_retention_days": 7
                  }
                ],
                "collation": "",
                "connector_enforcement": "NOT_REQUIRED",
                "data_cache_config": [],
                "database_flags": [],
                "deletion_protection_enabled": false,
                "deny_maintenance_period": [],
                "disk_autoresize": true,
                "disk_autoresize_limit": 0,
                "disk_size": 10,
                "disk_type": "PD_SSD",
                "edition": "ENTERPRISE",
                "enable_dataplex_integration": false,
                "enable_google_ml_integration": false,
                "insights_config": [],
                "ip_configuration": [
                  {
                    "allocated_ip_range": "",
                    "authorized_networks": [
                      {
                        "expiration_time": "",
                        "name": "allow-all",
                        "value": "0.0.0.0/0"
                      }
                    ],
                    "enable_private_path_for_google_cloud_services": false,
                    "ipv4_enabled": true,
                    "private_network": "",
                    "psc_config": [],
                    "server_ca_mode": "GOOGLE_MANAGED_INTERNAL_CA",
                    "ssl_mode": "ALLOW_UNENCRYPTED_AND_ENCRYPTED"
                  }
                ],
                "location_preference": [
                  {
                    "follow_gae_application": "",
                    "secondary_zone": "",
                    "zone": "europe-west4-b"
                  }
                ],
                "maintenance_window": [],
                "password_validation_policy": [],
                "pricing_plan": "PER_USE",
                "sql_server_audit_config": [],
                "tier": "db-f1-micro",
                "time_zone": "",
                "user_labels": {},
                "version": 2
              }
            ],
            "timeouts": null
          },
          "sensitive_attributes": [
            [
              {
                "type": "get_attr",
                "value": "root_password"
              }
            ],
            [
              {
                "type": "get_attr",
                "value": "server_ca_cert"
              }
            ]
          ],
          "identity_schema_version": 0,
          "private": "eyJlMmJmYjczMC1lY2FhLTExZTYtOGY4OC0zNDM2M2JjN2M0YzAiOnsiY3JlYXRlIjo1NDAwMDAwMDAwMDAwLCJkZWxldGUiOjU0MDAwMDAwMDAwMDAsInVwZGF0ZSI6NTQwMDAwMDAwMDAwMH19",
          "dependencies": [
            "google_project_service.enabled_services"
          ]
        }
      ]
    },
    {
      "mode": "managed",
      "type": "google_sql_user",
      "name": "users",
      "provider": "provider[\"registry.terraform.io/hashicorp/google\"]",
      "instances": [
        {
          "index_key": "rajat",
          "schema_version": 1,
          "attributes": {
            "deletion_policy": null,
            "host": "",
            "id": "rajat//assessment-v2-1",
            "instance": "assessment-v2-1",
            "name": "rajat",
            "password": "Assessment@123",
            "password_policy": [],
            "project": "rajat-assessment-project",
            "sql_server_user_details": [],
            "timeouts": null,
            "type": ""
          },
          "sensitive_attributes": [
            [
              {
                "type": "get_attr",
                "value": "password"
              }
            ]
          ],
          "identity_schema_version": 0,
          "private": "eyJlMmJmYjczMC1lY2FhLTExZTYtOGY4OC0zNDM2M2JjN2M0YzAiOnsiY3JlYXRlIjo2MDAwMDAwMDAwMDAsImRlbGV0ZSI6NjAwMDAwMDAwMDAwLCJ1cGRhdGUiOjYwMDAwMDAwMDAwMH0sInNjaGVtYV92ZXJzaW9uIjoiMSJ9"
        }
      ]
    },
    {
      "mode": "managed",
      "type": "google_storage_bucket",
      "name": "buckets",
      "provider": "provider[\"registry.terraform.io/hashicorp/google\"]",
      "instances": [
        {
          "index_key": "test-bucket-rajat",
          "schema_version": 3,
          "attributes": {
            "autoclass": [],
            "cors": [],
            "custom_placement_config": [],
            "default_event_based_hold": false,
            "effective_labels": {
              "goog-terraform-provisioned": "true"
            },
            "enable_object_retention": false,
            "encryption": [],
            "force_destroy": true,
            "id": "test-bucket-rajat",
            "labels": {},
            "lifecycle_rule": [],
            "location": "EUROPE-WEST4",
            "logging": [],
            "name": "test-bucket-rajat",
            "project": "rajat-assessment-project",
            "project_number": 791348911312,
            "public_access_prevention": "inherited",
            "requester_pays": false,
            "retention_policy": [],
            "rpo": null,
            "self_link": "https://www.googleapis.com/storage/v1/b/test-bucket-rajat",
            "soft_delete_policy": [
              {
                "effective_time": "2025-08-13T09:26:54.807Z",
                "retention_duration_seconds": 604800
              }
            ],
            "storage_class": "STANDARD",
            "terraform_labels": {
              "goog-terraform-provisioned": "true"
            },
            "timeouts": null,
            "uniform_bucket_level_access": true,
            "url": "gs://test-bucket-rajat",
            "versioning": [],
            "website": []
          },
          "sensitive_attributes": [],
          "identity_schema_version": 0,
          "private": "eyJlMmJmYjczMC1lY2FhLTExZTYtOGY4OC0zNDM2M2JjN2M0YzAiOnsiY3JlYXRlIjo2MDAwMDAwMDAwMDAsInJlYWQiOjI0MDAwMDAwMDAwMCwidXBkYXRlIjoyNDAwMDAwMDAwMDB9LCJzY2hlbWFfdmVyc2lvbiI6IjMifQ=="
        }
      ]
    }
  ],
  "check_results": null
}
